
Microsoft Visual Studio Solution File, Format Version 12.00
# Visual Studio Version 16
VisualStudioVersion = 16.0.31424.327
MinimumVisualStudioVersion = 10.0.40219.1
Project("{FAE04EC0-301F-11D3-BF4B-00C04F79EFBC}") = "Lab1", "Lab1\Lab1.csproj", "{56E18376-C1F5-45F0-BC89-BC7402B82BF3}"
EndProject
Project("{FAE04EC0-301F-11D3-BF4B-00C04F79EFBC}") = "Lab2", "Lab2\Lab2.csproj", "{04D0B51C-497A-40CB-A34B-7A45D146CFDC}"
EndProject
Global
	GlobalSection(SolutionConfigurationPlatforms) = preSolution
		Debug|Any CPU = Debug|Any CPU
		Release|Any CPU = Release|Any CPU
	EndGlobalSection
	GlobalSection(ProjectConfigurationPlatforms) = postSolution
		{56E18376-C1F5-45F0-BC89-BC7402B82BF3}.Debug|Any CPU.ActiveCfg = Debug|Any CPU
		{56E18376-C1F5-45F0-BC89-BC7402B82BF3}.Debug|Any CPU.Build.0 = Debug|Any CPU
		{56E18376-C1F5-45F0-BC89-BC7402B82BF3}.Release|Any CPU.ActiveCfg = Release|Any CPU
		{56E18376-C1F5-45F0-BC89-BC7402B82BF3}.Release|Any CPU.Build.0 = Release|Any CPU
		{04D0B51C-497A-40CB-A34B-7A45D146CFDC}.Debug|Any CPU.ActiveCfg = Debug|Any CPU
		{04D0B51C-497A-40CB-A34B-7A45D146CFDC}.Debug|Any CPU.Build.0 = Debug|Any CPU
		{04D0B51C-497A-40CB-A34B-7A45D146CFDC}.Release|Any CPU.ActiveCfg = Release|Any CPU
		{04D0B51C-497A-40CB-A34B-7A45D146CFDC}.Release|Any CPU.Build.0 = Release|Any CPU
	EndGlobalSection
	GlobalSection(SolutionProperties) = preSolution
		HideSolutionNode = FALSE
	EndGlobalSection
	GlobalSection(ExtensibilityGlobals) = postSolution
		SolutionGuid = {8A23FCCE-800F-40DA-9196-F7B40FD3F141}
	EndGlobalSection
EndGlobal
